
Microsoft Visual Studio Solution File, Format Version 12.00
# Visual Studio Version 16
VisualStudioVersion = 16.0.29509.3
MinimumVisualStudioVersion = 10.0.40219.1
Project("{9A19103F-16F7-4668-BE54-9A1E7A4F7556}") = "StartupService", "StartupService.csproj", "{22119014-37EB-4687-9D26-1DD9757C3A49}"
EndProject
Global
	GlobalSection(SolutionConfigurationPlatforms) = preSolution
		Debug|Any CPU = Debug|Any CPU
		Release|Any CPU = Release|Any CPU
	EndGlobalSection
	GlobalSection(ProjectConfigurationPlatforms) = postSolution
		{22119014-37EB-4687-9D26-1DD9757C3A49}.Debug|Any CPU.ActiveCfg = Debug|Any CPU
		{22119014-37EB-4687-9D26-1DD9757C3A49}.Debug|Any CPU.Build.0 = Debug|Any CPU
		{22119014-37EB-4687-9D26-1DD9757C3A49}.Release|Any CPU.ActiveCfg = Release|Any CPU
		{22119014-37EB-4687-9D26-1DD9757C3A49}.Release|Any CPU.Build.0 = Release|Any CPU
	EndGlobalSection
	GlobalSection(SolutionProperties) = preSolution
		HideSolutionNode = FALSE
	EndGlobalSection
	GlobalSection(ExtensibilityGlobals) = postSolution
		SolutionGuid = {04D23B9A-CD14-41F4-B5EB-3E3EEFF56EB9}
	EndGlobalSection
EndGlobal
